
Microsoft Visual Studio Solution File, Format Version 12.00
# Visual Studio Version 16
VisualStudioVersion = 16.0.28803.202
MinimumVisualStudioVersion = 10.0.40219.1
Project("{FAE04EC0-301F-11D3-BF4B-00C04F79EFBC}") = "test", "test\test.csproj", "{7124A459-36C1-472F-9543-47AB8F4D0AE8}"
EndProject
Global
	GlobalSection(SolutionConfigurationPlatforms) = preSolution
		Debug|Any CPU = Debug|Any CPU
		Release|Any CPU = Release|Any CPU
	EndGlobalSection
	GlobalSection(ProjectConfigurationPlatforms) = postSolution
		{7124A459-36C1-472F-9543-47AB8F4D0AE8}.Debug|Any CPU.ActiveCfg = Debug|Any CPU
		{7124A459-36C1-472F-9543-47AB8F4D0AE8}.Debug|Any CPU.Build.0 = Debug|Any CPU
		{7124A459-36C1-472F-9543-47AB8F4D0AE8}.Release|Any CPU.ActiveCfg = Release|Any CPU
		{7124A459-36C1-472F-9543-47AB8F4D0AE8}.Release|Any CPU.Build.0 = Release|Any CPU
	EndGlobalSection
	GlobalSection(SolutionProperties) = preSolution
		HideSolutionNode = FALSE
	EndGlobalSection
	GlobalSection(ExtensibilityGlobals) = postSolution
		SolutionGuid = {CF087D41-B305-4E29-B736-896495BE7343}
	EndGlobalSection
EndGlobal
